// !$*UTF8*$!
{
	archiveVersion = 1;
	classes = {
	};
	objectVersion = 56;
	objects = {

/* Begin PBXBuildFile section */
		844FC78F2B9F010300AD0C7C /* MatterEducationZimApp.swift in Sources */ = {isa = PBXBuildFile; fileRef = 844FC78E2B9F010300AD0C7C /* MatterEducationZimApp.swift */; };
		844FC7912B9F010300AD0C7C /* ContentView.swift in Sources */ = {isa = PBXBuildFile; fileRef = 844FC7902B9F010300AD0C7C /* ContentView.swift */; };
		844FC7932B9F010500AD0C7C /* Assets.xcassets in Resources */ = {isa = PBXBuildFile; fileRef = 844FC7922B9F010500AD0C7C /* Assets.xcassets */; };
		844FC7962B9F010500AD0C7C /* Preview Assets.xcassets in Resources */ = {isa = PBXBuildFile; fileRef = 844FC7952B9F010500AD0C7C /* Preview Assets.xcassets */; };
		844FC7982B9F010500AD0C7C /* Persistence.swift in Sources */ = {isa = PBXBuildFile; fileRef = 844FC7972B9F010500AD0C7C /* Persistence.swift */; };
		844FC79B2B9F010500AD0C7C /* MatterEducationZim.xcdatamodeld in Sources */ = {isa = PBXBuildFile; fileRef = 844FC7992B9F010500AD0C7C /* MatterEducationZim.xcdatamodeld */; };
		844FC7A22B9F021200AD0C7C /* SplashScreenView.swift in Sources */ = {isa = PBXBuildFile; fileRef = 844FC7A12B9F021200AD0C7C /* SplashScreenView.swift */; };
/* End PBXBuildFile section */

/* Begin PBXFileReference section */
		844FC78B2B9F010300AD0C7C /* MatterEducationZim.app */ = {isa = PBXFileReference; explicitFileType = wrapper.application; includeInIndex = 0; path = MatterEducationZim.app; sourceTree = BUILT_PRODUCTS_DIR; };
		844FC78E2B9F010300AD0C7C /* MatterEducationZimApp.swift */ = {isa = PBXFileReference; lastKnownFileType = sourcecode.swift; path = MatterEducationZimApp.swift; sourceTree = "<group>"; };
		844FC7902B9F010300AD0C7C /* ContentView.swift */ = {isa = PBXFileReference; lastKnownFileType = sourcecode.swift; path = ContentView.swift; sourceTree = "<group>"; };
		844FC7922B9F010500AD0C7C /* Assets.xcassets */ = {isa = PBXFileReference; lastKnownFileType = folder.assetcatalog; path = Assets.xcassets; sourceTree = "<group>"; };
		844FC7952B9F010500AD0C7C /* Preview Assets.xcassets */ = {isa = PBXFileReference; lastKnownFileType = folder.assetcatalog; path = "Preview Assets.xcassets"; sourceTree = "<group>"; };
		844FC7972B9F010500AD0C7C /* Persistence.swift */ = {isa = PBXFileReference; lastKnownFileType = sourcecode.swift; path = Persistence.swift; sourceTree = "<group>"; };
		844FC79A2B9F010500AD0C7C /* MatterEducationZim.xcdatamodel */ = {isa = PBXFileReference; lastKnownFileType = wrapper.xcdatamodel; path = MatterEducationZim.xcdatamodel; sourceTree = "<group>"; };
		844FC7A12B9F021200AD0C7C /* SplashScreenView.swift */ = {isa = PBXFileReference; lastKnownFileType = sourcecode.swift; path = SplashScreenView.swift; sourceTree = "<group>"; };
/* End PBXFileReference section */

/* Begin PBXFrameworksBuildPhase section */
		844FC7882B9F010300AD0C7C /* Frameworks */ = {
			isa = PBXFrameworksBuildPhase;
			buildActionMask = 2147483647;
			files = (
			);
			runOnlyForDeploymentPostprocessing = 0;
		};
/* End PBXFrameworksBuildPhase section */

/* Begin PBXGroup section */
		844FC7822B9F010300AD0C7C = {
			isa = PBXGroup;
			children = (
				844FC78D2B9F010300AD0C7C /* MatterEducationZim */,
				844FC78C2B9F010300AD0C7C /* Products */,
			);
			sourceTree = "<group>";
		};
		844FC78C2B9F010300AD0C7C /* Products */ = {
			isa = PBXGroup;
			children = (
				844FC78B2B9F010300AD0C7C /* MatterEducationZim.app */,
			);
			name = Products;
			sourceTree = "<group>";
		};
		844FC78D2B9F010300AD0C7C /* MatterEducationZim */ = {
			isa = PBXGroup;
			children = (
				844FC78E2B9F010300AD0C7C /* MatterEducationZimApp.swift */,
				844FC7902B9F010300AD0C7C /* ContentView.swift */,
				844FC7A12B9F021200AD0C7C /* SplashScreenView.swift */,
				844FC7922B9F010500AD0C7C /* Assets.xcassets */,
				844FC7972B9F010500AD0C7C /* Persistence.swift */,
				844FC7992B9F010500AD0C7C /* MatterEducationZim.xcdatamodeld */,
				844FC7942B9F010500AD0C7C /* Preview Content */,
			);
			path = MatterEducationZim;
			sourceTree = "<group>";
		};
		844FC7942B9F010500AD0C7C /* Preview Content */ = {
			isa = PBXGroup;
			children = (
				844FC7952B9F010500AD0C7C /* Preview Assets.xcassets */,
			);
			path = "Preview Content";
			sourceTree = "<group>";
		};
/* End PBXGroup section */

/* Begin PBXNativeTarget section */
		844FC78A2B9F010300AD0C7C /* MatterEducationZim */ = {
			isa = PBXNativeTarget;
			buildConfigurationList = 844FC79E2B9F010500AD0C7C /* Build configuration list for PBXNativeTarget "MatterEducationZim" */;
			buildPhases = (
				844FC7872B9F010300AD0C7C /* Sources */,
				844FC7882B9F010300AD0C7C /* Frameworks */,
				844FC7892B9F010300AD0C7C /* Resources */,
			);
			buildRules = (
			);
			dependencies = (
			);
			name = MatterEducationZim;
			productName = MatterEducationZim;
			productReference = 844FC78B2B9F010300AD0C7C /* MatterEducationZim.app */;
			productType = "com.apple.product-type.application";
		};
/* End PBXNativeTarget section */

/* Begin PBXProject section */
		844FC7832B9F010300AD0C7C /* Project object */ = {
			isa = PBXProject;
			attributes = {
				BuildIndependentTargetsInParallel = 1;
				LastSwiftUpdateCheck = 1530;
				LastUpgradeCheck = 1530;
				TargetAttributes = {
					844FC78A2B9F010300AD0C7C = {
						CreatedOnToolsVersion = 15.3;
					};
				};
			};
			buildConfigurationList = 844FC7862B9F010300AD0C7C /* Build configuration list for PBXProject "MatterEducationZim" */;
			compatibilityVersion = "Xcode 14.0";
			developmentRegion = en;
			hasScannedForEncodings = 0;
			knownRegions = (
				en,
				Base,
			);
			mainGroup = 844FC7822B9F010300AD0C7C;
			productRefGroup = 844FC78C2B9F010300AD0C7C /* Products */;
			projectDirPath = "";
			projectRoot = "";
			targets = (
				844FC78A2B9F010300AD0C7C /* MatterEducationZim */,
			);
		};
/* End PBXProject section */

/* Begin PBXResourcesBuildPhase section */
		844FC7892B9F010300AD0C7C /* Resources */ = {
			isa = PBXResourcesBuildPhase;
			buildActionMask = 2147483647;
			files = (
				844FC7962B9F010500AD0C7C /* Preview Assets.xcassets in Resources */,
				844FC7932B9F010500AD0C7C /* Assets.xcassets in Resources */,
			);
			runOnlyForDeploymentPostprocessing = 0;
		};
/* End PBXResourcesBuildPhase section */

/* Begin PBXSourcesBuildPhase section */
		844FC7872B9F010300AD0C7C /* Sources */ = {
			isa = PBXSourcesBuildPhase;
			buildActionMask = 2147483647;
			files = (
				844FC79B2B9F010500AD0C7C /* MatterEducationZim.xcdatamodeld in Sources */,
				844FC7982B9F010500AD0C7C /* Persistence.swift in Sources */,
				844FC7A22B9F021200AD0C7C /* SplashScreenView.swift in Sources */,
				844FC7912B9F010300AD0C7C /* ContentView.swift in Sources */,
				844FC78F2B9F010300AD0C7C /* MatterEducationZimApp.swift in Sources */,
			);
			runOnlyForDeploymentPostprocessing = 0;
		};
/* End PBXSourcesBuildPhase section */

/* Begin XCBuildConfiguration section */
		844FC79C2B9F010500AD0C7C /* Debug */ = {
			isa = XCBuildConfiguration;
			buildSettings = {
				ALWAYS_SEARCH_USER_PATHS = NO;
				ASSETCATALOG_COMPILER_GENERATE_SWIFT_ASSET_SYMBOL_EXTENSIONS = YES;
				CLANG_ANALYZER_NONNULL = YES;
				CLANG_ANALYZER_NUMBER_OBJECT_CONVERSION = YES_AGGRESSIVE;
				CLANG_CXX_LANGUAGE_STANDARD = "gnu++20";
				CLANG_ENABLE_MODULES = YES;
				CLANG_ENABLE_OBJC_ARC = YES;
				CLANG_ENABLE_OBJC_WEAK = YES;
				CLANG_WARN_BLOCK_CAPTURE_AUTORELEASING = YES;
				CLANG_WARN_BOOL_CONVERSION = YES;
				CLANG_WARN_COMMA = YES;
				CLANG_WARN_CONSTANT_CONVERSION = YES;
				CLANG_WARN_DEPRECATED_OBJC_IMPLEMENTATIONS = YES;
				CLANG_WARN_DIRECT_OBJC_ISA_USAGE = YES_ERROR;
				CLANG_WARN_DOCUMENTATION_COMMENTS = YES;
				CLANG_WARN_EMPTY_BODY = YES;
				CLANG_WARN_ENUM_CONVERSION = YES;
				CLANG_WARN_INFINITE_RECURSION = YES;
				CLANG_WARN_INT_CONVERSION = YES;
				CLANG_WARN_NON_LITERAL_NULL_CONVERSION = YES;
				CLANG_WARN_OBJC_IMPLICIT_RETAIN_SELF = YES;
				CLANG_WARN_OBJC_LITERAL_CONVERSION = YES;
				CLANG_WARN_OBJC_ROOT_CLASS = YES_ERROR;
				CLANG_WARN_QUOTED_INCLUDE_IN_FRAMEWORK_HEADER = YES;
				CLANG_WARN_RANGE_LOOP_ANALYSIS = YES;
				CLANG_WARN_STRICT_PROTOTYPES = YES;
				CLANG_WARN_SUSPICIOUS_MOVE = YES;
				CLANG_WARN_UNGUARDED_AVAILABILITY = YES_AGGRESSIVE;
				CLANG_WARN_UNREACHABLE_CODE = YES;
				CLANG_WARN__DUPLICATE_METHOD_MATCH = YES;
				COPY_PHASE_STRIP = NO;
				DEBUG_INFORMATION_FORMAT = dwarf;
				ENABLE_STRICT_OBJC_MSGSEND = YES;
				ENABLE_TESTABILITY = YES;
				ENABLE_USER_SCRIPT_SANDBOXING = YES;
				GCC_C_LANGUAGE_STANDARD = gnu17;
				GCC_DYNAMIC_NO_PIC = NO;
				GCC_NO_COMMON_BLOCKS = YES;
				GCC_OPTIMIZATION_LEVEL = 0;
				GCC_PREPROCESSOR_DEFINITIONS = (
					"DEBUG=1",
					"$(inherited)",
				);
				GCC_WARN_64_TO_32_BIT_CONVERSION = YES;
				GCC_WARN_ABOUT_RETURN_TYPE = YES_ERROR;
				GCC_WARN_UNDECLARED_SELECTOR = YES;
				GCC_WARN_UNINITIALIZED_AUTOS = YES_AGGRESSIVE;
				GCC_WARN_UNUSED_FUNCTION = YES;
				GCC_WARN_UNUSED_VARIABLE = YES;
				IPHONEOS_DEPLOYMENT_TARGET = 17.4;
				LOCALIZATION_PREFERS_STRING_CATALOGS = YES;
				MTL_ENABLE_DEBUG_INFO = INCLUDE_SOURCE;
				MTL_FAST_MATH = YES;
				ONLY_ACTIVE_ARCH = YES;
				SDKROOT = iphoneos;
				SWIFT_ACTIVE_COMPILATION_CONDITIONS = "DEBUG $(inherited)";
				SWIFT_OPTIMIZATION_LEVEL = "-Onone";
			};
			name = Debug;
		};
		844FC79D2B9F010500AD0C7C /* Release */ = {
			isa = XCBuildConfiguration;
			buildSettings = {
				ALWAYS_SEARCH_USER_PATHS = NO;
				ASSETCATALOG_COMPILER_GENERATE_SWIFT_ASSET_SYMBOL_EXTENSIONS = YES;
				CLANG_ANALYZER_NONNULL = YES;
				CLANG_ANALYZER_NUMBER_OBJECT_CONVERSION = YES_AGGRESSIVE;
				CLANG_CXX_LANGUAGE_STANDARD = "gnu++20";
				CLANG_ENABLE_MODULES = YES;
				CLANG_ENABLE_OBJC_ARC = YES;
				CLANG_ENABLE_OBJC_WEAK = YES;
				CLANG_WARN_BLOCK_CAPTURE_AUTORELEASING = YES;
				CLANG_WARN_BOOL_CONVERSION = YES;
				CLANG_WARN_COMMA = YES;
				CLANG_WARN_CONSTANT_CONVERSION = YES;
				CLANG_WARN_DEPRECATED_OBJC_IMPLEMENTATIONS = YES;
				CLANG_WARN_DIRECT_OBJC_ISA_USAGE = YES_ERROR;
				CLANG_WARN_DOCUMENTATION_COMMENTS = YES;
				CLANG_WARN_EMPTY_BODY = YES;
				CLANG_WARN_ENUM_CONVERSION = YES;
				CLANG_WARN_INFINITE_RECURSION = YES;
				CLANG_WARN_INT_CONVERSION = YES;
				CLANG_WARN_NON_LITERAL_NULL_CONVERSION = YES;
				CLANG_WARN_OBJC_IMPLICIT_RETAIN_SELF = YES;
				CLANG_WARN_OBJC_LITERAL_CONVERSION = YES;
				CLANG_WARN_OBJC_ROOT_CLASS = YES_ERROR;
				CLANG_WARN_QUOTED_INCLUDE_IN_FRAMEWORK_HEADER = YES;
				CLANG_WARN_RANGE_LOOP_ANALYSIS = YES;
				CLANG_WARN_STRICT_PROTOTYPES = YES;
				CLANG_WARN_SUSPICIOUS_MOVE = YES;
				CLANG_WARN_UNGUARDED_AVAILABILITY = YES_AGGRESSIVE;
				CLANG_WARN_UNREACHABLE_CODE = YES;
				CLANG_WARN__DUPLICATE_METHOD_MATCH = YES;
				COPY_PHASE_STRIP = NO;
				DEBUG_INFORMATION_FORMAT = "dwarf-with-dsym";
				ENABLE_NS_ASSERTIONS = NO;
				ENABLE_STRICT_OBJC_MSGSEND = YES;
				ENABLE_USER_SCRIPT_SANDBOXING = YES;
				GCC_C_LANGUAGE_STANDARD = gnu17;
				GCC_NO_COMMON_BLOCKS = YES;
				GCC_WARN_64_TO_32_BIT_CONVERSION = YES;
				GCC_WARN_ABOUT_RETURN_TYPE = YES_ERROR;
				GCC_WARN_UNDECLARED_SELECTOR = YES;
				GCC_WARN_UNINITIALIZED_AUTOS = YES_AGGRESSIVE;
				GCC_WARN_UNUSED_FUNCTION = YES;
				GCC_WARN_UNUSED_VARIABLE = YES;
				IPHONEOS_DEPLOYMENT_TARGET = 17.4;
				LOCALIZATION_PREFERS_STRING_CATALOGS = YES;
				MTL_ENABLE_DEBUG_INFO = NO;
				MTL_FAST_MATH = YES;
				SDKROOT = iphoneos;
				SWIFT_COMPILATION_MODE = wholemodule;
				VALIDATE_PRODUCT = YES;
			};
			name = Release;
		};
		844FC79F2B9F010500AD0C7C /* Debug */ = {
			isa = XCBuildConfiguration;
			buildSettings = {
				ASSETCATALOG_COMPILER_APPICON_NAME = AppIcon;
				ASSETCATALOG_COMPILER_GLOBAL_ACCENT_COLOR_NAME = AccentColor;
				CODE_SIGN_STYLE = Automatic;
				CURRENT_PROJECT_VERSION = 1;
				DEVELOPMENT_ASSET_PATHS = "\"MatterEducationZim/Preview Content\"";
				ENABLE_PREVIEWS = YES;
				GENERATE_INFOPLIST_FILE = YES;
				INFOPLIST_KEY_UIApplicationSceneManifest_Generation = YES;
				INFOPLIST_KEY_UIApplicationSupportsIndirectInputEvents = YES;
				INFOPLIST_KEY_UILaunchScreen_Generation = YES;
				INFOPLIST_KEY_UISupportedInterfaceOrientations_iPad = "UIInterfaceOrientationPortrait UIInterfaceOrientationPortraitUpsideDown UIInterfaceOrientationLandscapeLeft UIInterfaceOrientationLandscapeRight";
				INFOPLIST_KEY_UISupportedInterfaceOrientations_iPhone = "UIInterfaceOrientationPortrait UIInterfaceOrientationLandscapeLeft UIInterfaceOrientationLandscapeRight";
				LD_RUNPATH_SEARCH_PATHS = (
					"$(inherited)",
					"@executable_path/Frameworks",
				);
				MARKETING_VERSION = 1.0;
				PRODUCT_BUNDLE_IDENTIFIER = team.MatterEducationZim;
				PRODUCT_NAME = "$(TARGET_NAME)";
				SWIFT_EMIT_LOC_STRINGS = YES;
				SWIFT_VERSION = 5.0;
				TARGETED_DEVICE_FAMILY = "1,2";
			};
			name = Debug;
		};
		844FC7A02B9F010500AD0C7C /* Release */ = {
			isa = XCBuildConfiguration;
			buildSettings = {
				ASSETCATALOG_COMPILER_APPICON_NAME = AppIcon;
				ASSETCATALOG_COMPILER_GLOBAL_ACCENT_COLOR_NAME = AccentColor;
				CODE_SIGN_STYLE = Automatic;
				CURRENT_PROJECT_VERSION = 1;
				DEVELOPMENT_ASSET_PATHS = "\"MatterEducationZim/Preview Content\"";
				ENABLE_PREVIEWS = YES;
				GENERATE_INFOPLIST_FILE = YES;
				INFOPLIST_KEY_UIApplicationSceneManifest_Generation = YES;
				INFOPLIST_KEY_UIApplicationSupportsIndirectInputEvents = YES;
				INFOPLIST_KEY_UILaunchScreen_Generation = YES;
				INFOPLIST_KEY_UISupportedInterfaceOrientations_iPad = "UIInterfaceOrientationPortrait UIInterfaceOrientationPortraitUpsideDown UIInterfaceOrientationLandscapeLeft UIInterfaceOrientationLandscapeRight";
				INFOPLIST_KEY_UISupportedInterfaceOrientations_iPhone = "UIInterfaceOrientationPortrait UIInterfaceOrientationLandscapeLeft UIInterfaceOrientationLandscapeRight";
				LD_RUNPATH_SEARCH_PATHS = (
					"$(inherited)",
					"@executable_path/Frameworks",
				);
				MARKETING_VERSION = 1.0;
				PRODUCT_BUNDLE_IDENTIFIER = team.MatterEducationZim;
				PRODUCT_NAME = "$(TARGET_NAME)";
				SWIFT_EMIT_LOC_STRINGS = YES;
				SWIFT_VERSION = 5.0;
				TARGETED_DEVICE_FAMILY = "1,2";
			};
			name = Release;
		};
/* End XCBuildConfiguration section */

/* Begin XCConfigurationList section */
		844FC7862B9F010300AD0C7C /* Build configuration list for PBXProject "MatterEducationZim" */ = {
			isa = XCConfigurationList;
			buildConfigurations = (
				844FC79C2B9F010500AD0C7C /* Debug */,
				844FC79D2B9F010500AD0C7C /* Release */,
			);
			defaultConfigurationIsVisible = 0;
			defaultConfigurationName = Release;
		};
		844FC79E2B9F010500AD0C7C /* Build configuration list for PBXNativeTarget "MatterEducationZim" */ = {
			isa = XCConfigurationList;
			buildConfigurations = (
				844FC79F2B9F010500AD0C7C /* Debug */,
				844FC7A02B9F010500AD0C7C /* Release */,
			);
			defaultConfigurationIsVisible = 0;
			defaultConfigurationName = Release;
		};
/* End XCConfigurationList section */

/* Begin XCVersionGroup section */
		844FC7992B9F010500AD0C7C /* MatterEducationZim.xcdatamodeld */ = {
			isa = XCVersionGroup;
			children = (
				844FC79A2B9F010500AD0C7C /* MatterEducationZim.xcdatamodel */,
			);
			currentVersion = 844FC79A2B9F010500AD0C7C /* MatterEducationZim.xcdatamodel */;
			path = MatterEducationZim.xcdatamodeld;
			sourceTree = "<group>";
			versionGroupType = wrapper.xcdatamodel;
		};
/* End XCVersionGroup section */
	};
	rootObject = 844FC7832B9F010300AD0C7C /* Project object */;
}
